{"1.2.0",
[{<<"cowlib">>,{pkg,<<"cowlib">>,<<"2.12.1">>},1},
 {<<"http_cache">>,{pkg,<<"http_cache">>,<<"0.1.0">>},0},
 {<<"telemetry">>,{pkg,<<"telemetry">>,<<"1.2.1">>},0}]}.
[
{pkg_hash,[
 {<<"cowlib">>, <<"A9FA9A625F1D2025FE6B462CB865881329B5CAFF8F1854D1CBC9F9533F00E1E1">>},
 {<<"http_cache">>, <<"DEE768C230DC617B6D943D8D5AA3AFDE6218B03DD319296C3C9CDA7A46438D46">>},
 {<<"telemetry">>, <<"68FDFE8D8F05A8428483A97D7AAB2F268AAFF24B49E0F599FAA091F1D4E7F61C">>}]},
{pkg_hash_ext,[
 {<<"cowlib">>, <<"163B73F6367A7341B33C794C4E88E7DBFE6498AC42DCD69EF44C5BC5507C8DB0">>},
 {<<"http_cache">>, <<"C4E568D6B88E269A43A3587258EF220B04977A2BC0C72E2512F73787FFED918F">>},
 {<<"telemetry">>, <<"DAD9CE9D8EFFC621708F99EAC538EF1CBE05D6A874DD741DE2E689C47FEAFED5">>}]}
].
