{"1.2.0",
[{<<"cowlib">>,{pkg,<<"cowlib">>,<<"2.12.1">>},1},
 {<<"http_cache">>,{pkg,<<"http_cache">>,<<"0.2.0">>},0},
 {<<"telemetry">>,{pkg,<<"telemetry">>,<<"1.2.1">>},0}]}.
[
{pkg_hash,[
 {<<"cowlib">>, <<"A9FA9A625F1D2025FE6B462CB865881329B5CAFF8F1854D1CBC9F9533F00E1E1">>},
 {<<"http_cache">>, <<"7C777FEE2B4E1FD3D4ACF77CA7F0C6B509A5F51C56CB4374B86A6C4047D3AB47">>},
 {<<"telemetry">>, <<"68FDFE8D8F05A8428483A97D7AAB2F268AAFF24B49E0F599FAA091F1D4E7F61C">>}]},
{pkg_hash_ext,[
 {<<"cowlib">>, <<"163B73F6367A7341B33C794C4E88E7DBFE6498AC42DCD69EF44C5BC5507C8DB0">>},
 {<<"http_cache">>, <<"2464DB55A9C0076D6795559D10E8129BE45B955A16AA6EAB5DEFF205ABE06820">>},
 {<<"telemetry">>, <<"DAD9CE9D8EFFC621708F99EAC538EF1CBE05D6A874DD741DE2E689C47FEAFED5">>}]}
].
